
Microsoft Visual Studio Solution File, Format Version 12.00
# Visual Studio Version 17
VisualStudioVersion = 17.0.31903.59
MinimumVisualStudioVersion = 10.0.40219.1
Project("{2150E333-8FDC-42A3-9474-1A3956D46DE8}") = "src", "src", "{827E0CD3-B72D-47B6-A68D-7590B98EB39B}"
EndProject
Project("{FAE04EC0-301F-11D3-BF4B-00C04F79EFBC}") = "RushRacing.Web", "src\RushRacing.Web\RushRacing.Web.csproj", "{DBD8A651-F6C7-414E-91DE-11404E9553CF}"
EndProject
Project("{FAE04EC0-301F-11D3-BF4B-00C04F79EFBC}") = "RushRacing.Core", "src\RushRacing.Core\RushRacing.Core.csproj", "{4386846C-370B-405A-8D09-6EC3BB729F64}"
EndProject
Project("{FAE04EC0-301F-11D3-BF4B-00C04F79EFBC}") = "RushRacing.Data", "src\RushRacing.Data\RushRacing.Data.csproj", "{730E4FEF-B4C7-40D2-AED9-0D166D084285}"
EndProject
Project("{FAE04EC0-301F-11D3-BF4B-00C04F79EFBC}") = "RushRacing.Kiosk", "src\RushRacing.Kiosk\RushRacing.Kiosk.csproj", "{B8C4950A-FD52-42C0-B38A-6723AC72EAE9}"
EndProject
Project("{2150E333-8FDC-42A3-9474-1A3956D46DE8}") = "tests", "tests", "{0AB3BF05-4346-4AA6-1389-037BE0695223}"
EndProject
Project("{FAE04EC0-301F-11D3-BF4B-00C04F79EFBC}") = "RushRacing.Tests", "tests\RushRacing.Tests\RushRacing.Tests.csproj", "{FC1DCDE5-B69D-4077-A6FC-5D0BFB06268C}"
EndProject
Project("{FAE04EC0-301F-11D3-BF4B-00C04F79EFBC}") = "RushRacing.Launcher", "src\RushRacing.Launcher\RushRacing.Launcher.csproj", "{7F2EE863-74B2-4449-96DD-58C528519A53}"
EndProject
Global
	GlobalSection(SolutionConfigurationPlatforms) = preSolution
		Debug|Any CPU = Debug|Any CPU
		Debug|x64 = Debug|x64
		Debug|x86 = Debug|x86
		Release|Any CPU = Release|Any CPU
		Release|x64 = Release|x64
		Release|x86 = Release|x86
	EndGlobalSection
	GlobalSection(ProjectConfigurationPlatforms) = postSolution
		{DBD8A651-F6C7-414E-91DE-11404E9553CF}.Debug|Any CPU.ActiveCfg = Debug|Any CPU
		{DBD8A651-F6C7-414E-91DE-11404E9553CF}.Debug|Any CPU.Build.0 = Debug|Any CPU
		{DBD8A651-F6C7-414E-91DE-11404E9553CF}.Debug|x64.ActiveCfg = Debug|Any CPU
		{DBD8A651-F6C7-414E-91DE-11404E9553CF}.Debug|x64.Build.0 = Debug|Any CPU
		{DBD8A651-F6C7-414E-91DE-11404E9553CF}.Debug|x86.ActiveCfg = Debug|Any CPU
		{DBD8A651-F6C7-414E-91DE-11404E9553CF}.Debug|x86.Build.0 = Debug|Any CPU
		{DBD8A651-F6C7-414E-91DE-11404E9553CF}.Release|Any CPU.ActiveCfg = Release|Any CPU
		{DBD8A651-F6C7-414E-91DE-11404E9553CF}.Release|Any CPU.Build.0 = Release|Any CPU
		{DBD8A651-F6C7-414E-91DE-11404E9553CF}.Release|x64.ActiveCfg = Release|Any CPU
		{DBD8A651-F6C7-414E-91DE-11404E9553CF}.Release|x64.Build.0 = Release|Any CPU
		{DBD8A651-F6C7-414E-91DE-11404E9553CF}.Release|x86.ActiveCfg = Release|Any CPU
		{DBD8A651-F6C7-414E-91DE-11404E9553CF}.Release|x86.Build.0 = Release|Any CPU
		{4386846C-370B-405A-8D09-6EC3BB729F64}.Debug|Any CPU.ActiveCfg = Debug|Any CPU
		{4386846C-370B-405A-8D09-6EC3BB729F64}.Debug|Any CPU.Build.0 = Debug|Any CPU
		{4386846C-370B-405A-8D09-6EC3BB729F64}.Debug|x64.ActiveCfg = Debug|Any CPU
		{4386846C-370B-405A-8D09-6EC3BB729F64}.Debug|x64.Build.0 = Debug|Any CPU
		{4386846C-370B-405A-8D09-6EC3BB729F64}.Debug|x86.ActiveCfg = Debug|Any CPU
		{4386846C-370B-405A-8D09-6EC3BB729F64}.Debug|x86.Build.0 = Debug|Any CPU
		{4386846C-370B-405A-8D09-6EC3BB729F64}.Release|Any CPU.ActiveCfg = Release|Any CPU
		{4386846C-370B-405A-8D09-6EC3BB729F64}.Release|Any CPU.Build.0 = Release|Any CPU
		{4386846C-370B-405A-8D09-6EC3BB729F64}.Release|x64.ActiveCfg = Release|Any CPU
		{4386846C-370B-405A-8D09-6EC3BB729F64}.Release|x64.Build.0 = Release|Any CPU
		{4386846C-370B-405A-8D09-6EC3BB729F64}.Release|x86.ActiveCfg = Release|Any CPU
		{4386846C-370B-405A-8D09-6EC3BB729F64}.Release|x86.Build.0 = Release|Any CPU
		{730E4FEF-B4C7-40D2-AED9-0D166D084285}.Debug|Any CPU.ActiveCfg = Debug|Any CPU
		{730E4FEF-B4C7-40D2-AED9-0D166D084285}.Debug|Any CPU.Build.0 = Debug|Any CPU
		{730E4FEF-B4C7-40D2-AED9-0D166D084285}.Debug|x64.ActiveCfg = Debug|Any CPU
		{730E4FEF-B4C7-40D2-AED9-0D166D084285}.Debug|x64.Build.0 = Debug|Any CPU
		{730E4FEF-B4C7-40D2-AED9-0D166D084285}.Debug|x86.ActiveCfg = Debug|Any CPU
		{730E4FEF-B4C7-40D2-AED9-0D166D084285}.Debug|x86.Build.0 = Debug|Any CPU
		{730E4FEF-B4C7-40D2-AED9-0D166D084285}.Release|Any CPU.ActiveCfg = Release|Any CPU
		{730E4FEF-B4C7-40D2-AED9-0D166D084285}.Release|Any CPU.Build.0 = Release|Any CPU
		{730E4FEF-B4C7-40D2-AED9-0D166D084285}.Release|x64.ActiveCfg = Release|Any CPU
		{730E4FEF-B4C7-40D2-AED9-0D166D084285}.Release|x64.Build.0 = Release|Any CPU
		{730E4FEF-B4C7-40D2-AED9-0D166D084285}.Release|x86.ActiveCfg = Release|Any CPU
		{730E4FEF-B4C7-40D2-AED9-0D166D084285}.Release|x86.Build.0 = Release|Any CPU
		{B8C4950A-FD52-42C0-B38A-6723AC72EAE9}.Debug|Any CPU.ActiveCfg = Debug|Any CPU
		{B8C4950A-FD52-42C0-B38A-6723AC72EAE9}.Debug|Any CPU.Build.0 = Debug|Any CPU
		{B8C4950A-FD52-42C0-B38A-6723AC72EAE9}.Debug|x64.ActiveCfg = Debug|Any CPU
		{B8C4950A-FD52-42C0-B38A-6723AC72EAE9}.Debug|x64.Build.0 = Debug|Any CPU
		{B8C4950A-FD52-42C0-B38A-6723AC72EAE9}.Debug|x86.ActiveCfg = Debug|Any CPU
		{B8C4950A-FD52-42C0-B38A-6723AC72EAE9}.Debug|x86.Build.0 = Debug|Any CPU
		{B8C4950A-FD52-42C0-B38A-6723AC72EAE9}.Release|Any CPU.ActiveCfg = Release|Any CPU
		{B8C4950A-FD52-42C0-B38A-6723AC72EAE9}.Release|Any CPU.Build.0 = Release|Any CPU
		{B8C4950A-FD52-42C0-B38A-6723AC72EAE9}.Release|x64.ActiveCfg = Release|Any CPU
		{B8C4950A-FD52-42C0-B38A-6723AC72EAE9}.Release|x64.Build.0 = Release|Any CPU
		{B8C4950A-FD52-42C0-B38A-6723AC72EAE9}.Release|x86.ActiveCfg = Release|Any CPU
		{B8C4950A-FD52-42C0-B38A-6723AC72EAE9}.Release|x86.Build.0 = Release|Any CPU
		{FC1DCDE5-B69D-4077-A6FC-5D0BFB06268C}.Debug|Any CPU.ActiveCfg = Debug|Any CPU
		{FC1DCDE5-B69D-4077-A6FC-5D0BFB06268C}.Debug|Any CPU.Build.0 = Debug|Any CPU
		{FC1DCDE5-B69D-4077-A6FC-5D0BFB06268C}.Debug|x64.ActiveCfg = Debug|Any CPU
		{FC1DCDE5-B69D-4077-A6FC-5D0BFB06268C}.Debug|x64.Build.0 = Debug|Any CPU
		{FC1DCDE5-B69D-4077-A6FC-5D0BFB06268C}.Debug|x86.ActiveCfg = Debug|Any CPU
		{FC1DCDE5-B69D-4077-A6FC-5D0BFB06268C}.Debug|x86.Build.0 = Debug|Any CPU
		{FC1DCDE5-B69D-4077-A6FC-5D0BFB06268C}.Release|Any CPU.ActiveCfg = Release|Any CPU
		{FC1DCDE5-B69D-4077-A6FC-5D0BFB06268C}.Release|Any CPU.Build.0 = Release|Any CPU
		{FC1DCDE5-B69D-4077-A6FC-5D0BFB06268C}.Release|x64.ActiveCfg = Release|Any CPU
		{FC1DCDE5-B69D-4077-A6FC-5D0BFB06268C}.Release|x64.Build.0 = Release|Any CPU
		{FC1DCDE5-B69D-4077-A6FC-5D0BFB06268C}.Release|x86.ActiveCfg = Release|Any CPU
		{FC1DCDE5-B69D-4077-A6FC-5D0BFB06268C}.Release|x86.Build.0 = Release|Any CPU
		{7F2EE863-74B2-4449-96DD-58C528519A53}.Debug|Any CPU.ActiveCfg = Debug|Any CPU
		{7F2EE863-74B2-4449-96DD-58C528519A53}.Debug|Any CPU.Build.0 = Debug|Any CPU
		{7F2EE863-74B2-4449-96DD-58C528519A53}.Debug|x64.ActiveCfg = Debug|Any CPU
		{7F2EE863-74B2-4449-96DD-58C528519A53}.Debug|x64.Build.0 = Debug|Any CPU
		{7F2EE863-74B2-4449-96DD-58C528519A53}.Debug|x86.ActiveCfg = Debug|Any CPU
		{7F2EE863-74B2-4449-96DD-58C528519A53}.Debug|x86.Build.0 = Debug|Any CPU
		{7F2EE863-74B2-4449-96DD-58C528519A53}.Release|Any CPU.ActiveCfg = Release|Any CPU
		{7F2EE863-74B2-4449-96DD-58C528519A53}.Release|Any CPU.Build.0 = Release|Any CPU
		{7F2EE863-74B2-4449-96DD-58C528519A53}.Release|x64.ActiveCfg = Release|Any CPU
		{7F2EE863-74B2-4449-96DD-58C528519A53}.Release|x64.Build.0 = Release|Any CPU
		{7F2EE863-74B2-4449-96DD-58C528519A53}.Release|x86.ActiveCfg = Release|Any CPU
		{7F2EE863-74B2-4449-96DD-58C528519A53}.Release|x86.Build.0 = Release|Any CPU
	EndGlobalSection
	GlobalSection(SolutionProperties) = preSolution
		HideSolutionNode = FALSE
	EndGlobalSection
	GlobalSection(NestedProjects) = preSolution
		{DBD8A651-F6C7-414E-91DE-11404E9553CF} = {827E0CD3-B72D-47B6-A68D-7590B98EB39B}
		{4386846C-370B-405A-8D09-6EC3BB729F64} = {827E0CD3-B72D-47B6-A68D-7590B98EB39B}
		{730E4FEF-B4C7-40D2-AED9-0D166D084285} = {827E0CD3-B72D-47B6-A68D-7590B98EB39B}
		{B8C4950A-FD52-42C0-B38A-6723AC72EAE9} = {827E0CD3-B72D-47B6-A68D-7590B98EB39B}
		{FC1DCDE5-B69D-4077-A6FC-5D0BFB06268C} = {0AB3BF05-4346-4AA6-1389-037BE0695223}
		{7F2EE863-74B2-4449-96DD-58C528519A53} = {827E0CD3-B72D-47B6-A68D-7590B98EB39B}
	EndGlobalSection
EndGlobal
